// !$*UTF8*$!
{
	archiveVersion = 1;
	classes = {
	};
	objectVersion = 56;
	objects = {

/* Begin PBXBuildFile section */
		9F1A42442B90B2860000A3F1 /* MahjongScoreAppApp.swift in Sources */ = {isa = PBXBuildFile; fileRef = 9F1A42432B90B2860000A3F1 /* MahjongScoreAppApp.swift */; };
		9F1A42462B90B2860000A3F1 /* ContentView.swift in Sources */ = {isa = PBXBuildFile; fileRef = 9F1A42452B90B2860000A3F1 /* ContentView.swift */; };
		9F1A42482B90B2870000A3F1 /* Assets.xcassets in Resources */ = {isa = PBXBuildFile; fileRef = 9F1A42472B90B2870000A3F1 /* Assets.xcassets */; };
		9F1A424B2B90B2870000A3F1 /* Preview Assets.xcassets in Resources */ = {isa = PBXBuildFile; fileRef = 9F1A424A2B90B2870000A3F1 /* Preview Assets.xcassets */; };
		9F1A42502B90C0000000A3F1 /* Models/Player.swift in Sources */ = {isa = PBXBuildFile; fileRef = 9F1A42512B90C0000000A3F1 /* Player.swift */; };
		9F1A42522B90C0000000A3F1 /* Models/GameRecord.swift in Sources */ = {isa = PBXBuildFile; fileRef = 9F1A42532B90C0000000A3F1 /* GameRecord.swift */; };
		9F1A42542B90C0000000A3F1 /* Models/DailySession.swift in Sources */ = {isa = PBXBuildFile; fileRef = 9F1A42552B90C0000000A3F1 /* DailySession.swift */; };
		9F1A42562B90C0000000A3F1 /* Models/RuleSettings.swift in Sources */ = {isa = PBXBuildFile; fileRef = 9F1A42572B90C0000000A3F1 /* RuleSettings.swift */; };
		9F1A425A2B90C0050000A3F1 /* Logic/ScoreCalculator.swift in Sources */ = {isa = PBXBuildFile; fileRef = 9F1A425B2B90C0050000A3F1 /* ScoreCalculator.swift */; };
		9F1A42622B90C0000000A3F1 /* Views/DailySessionView.swift in Sources */ = {isa = PBXBuildFile; fileRef = 9F1A42612B90C0000000A3F1 /* DailySessionView.swift */; };
		9F1A42642B90C0000000A3F1 /* Views/GameInputView.swift in Sources */ = {isa = PBXBuildFile; fileRef = 9F1A42632B90C0000000A3F1 /* GameInputView.swift */; };
		9F1A42662B90C0000000A3F1 /* Views/PlayersListView.swift in Sources */ = {isa = PBXBuildFile; fileRef = 9F1A42652B90C0000000A3F1 /* PlayersListView.swift */; };
		9F1A42682B90C0000000A3F1 /* Views/SettingsView.swift in Sources */ = {isa = PBXBuildFile; fileRef = 9F1A42672B90C0000000A3F1 /* SettingsView.swift */; };
		9F2B43012B90D0000000A3F1 /* Views/SessionStartView.swift in Sources */ = {isa = PBXBuildFile; fileRef = 9F2B43002B90D0000000A3F1 /* SessionStartView.swift */; };
		9F2B43032B90D0000000A3F1 /* Views/SessionChipInputView.swift in Sources */ = {isa = PBXBuildFile; fileRef = 9F2B43022B90D0000000A3F1 /* SessionChipInputView.swift */; };
/* End PBXBuildFile section */

/* Begin PBXFileReference section */
		9F1A42402B90B2860000A3F1 /* MahjongScoreApp.app */ = {isa = PBXFileReference; explicitFileType = wrapper.application; includeInIndex = 0; path = MahjongScoreApp.app; sourceTree = BUILT_PRODUCTS_DIR; };
		9F1A42432B90B2860000A3F1 /* MahjongScoreAppApp.swift */ = {isa = PBXFileReference; lastKnownFileType = sourcecode.swift; path = MahjongScoreAppApp.swift; sourceTree = "<group>"; };
		9F1A42452B90B2860000A3F1 /* ContentView.swift */ = {isa = PBXFileReference; lastKnownFileType = sourcecode.swift; path = ContentView.swift; sourceTree = "<group>"; };
		9F1A42472B90B2870000A3F1 /* Assets.xcassets */ = {isa = PBXFileReference; lastKnownFileType = folder.assetcatalog; path = Assets.xcassets; sourceTree = "<group>"; };
		9F1A424A2B90B2870000A3F1 /* Preview Assets.xcassets */ = {isa = PBXFileReference; lastKnownFileType = folder.assetcatalog; path = "Preview Assets.xcassets"; sourceTree = "<group>"; };
		9F1A424C2B90B2870000A3F1 /* Info.plist */ = {isa = PBXFileReference; lastKnownFileType = text.plist.xml; path = Info.plist; sourceTree = "<group>"; };
		9F1A42512B90C0000000A3F1 /* Player.swift */ = {isa = PBXFileReference; lastKnownFileType = sourcecode.swift; path = Player.swift; sourceTree = "<group>"; };
		9F1A42532B90C0000000A3F1 /* GameRecord.swift */ = {isa = PBXFileReference; lastKnownFileType = sourcecode.swift; path = GameRecord.swift; sourceTree = "<group>"; };
		9F1A42552B90C0000000A3F1 /* DailySession.swift */ = {isa = PBXFileReference; lastKnownFileType = sourcecode.swift; path = DailySession.swift; sourceTree = "<group>"; };
		9F1A42572B90C0000000A3F1 /* RuleSettings.swift */ = {isa = PBXFileReference; lastKnownFileType = sourcecode.swift; path = RuleSettings.swift; sourceTree = "<group>"; };
		9F1A425B2B90C0050000A3F1 /* ScoreCalculator.swift */ = {isa = PBXFileReference; lastKnownFileType = sourcecode.swift; path = ScoreCalculator.swift; sourceTree = "<group>"; };
		9F1A42612B90C0000000A3F1 /* DailySessionView.swift */ = {isa = PBXFileReference; lastKnownFileType = sourcecode.swift; path = DailySessionView.swift; sourceTree = "<group>"; };
		9F1A42632B90C0000000A3F1 /* GameInputView.swift */ = {isa = PBXFileReference; lastKnownFileType = sourcecode.swift; path = GameInputView.swift; sourceTree = "<group>"; };
		9F1A42652B90C0000000A3F1 /* PlayersListView.swift */ = {isa = PBXFileReference; lastKnownFileType = sourcecode.swift; path = PlayersListView.swift; sourceTree = "<group>"; };
		9F1A42672B90C0000000A3F1 /* SettingsView.swift */ = {isa = PBXFileReference; lastKnownFileType = sourcecode.swift; path = SettingsView.swift; sourceTree = "<group>"; };
		9F2B43002B90D0000000A3F1 /* SessionStartView.swift */ = {isa = PBXFileReference; lastKnownFileType = sourcecode.swift; path = SessionStartView.swift; sourceTree = "<group>"; };
		9F2B43022B90D0000000A3F1 /* SessionChipInputView.swift */ = {isa = PBXFileReference; lastKnownFileType = sourcecode.swift; path = SessionChipInputView.swift; sourceTree = "<group>"; };
/* End PBXFileReference section */

/* Begin PBXFrameworksBuildPhase section */
		9F1A423D2B90B2860000A3F1 /* Frameworks */ = {
			isa = PBXFrameworksBuildPhase;
			buildActionMask = 2147483647;
			files = (
			);
			runOnlyForDeploymentPostprocessing = 0;
		};
/* End PBXFrameworksBuildPhase section */

/* Begin PBXGroup section */
		9F1A42372B90B2860000A3F1 = {
			isa = PBXGroup;
			children = (
				9F1A42422B90B2860000A3F1 /* MahjongScoreApp */,
				9F1A42412B90B2860000A3F1 /* Products */,
			);
			sourceTree = "<group>";
		};
		9F1A42412B90B2860000A3F1 /* Products */ = {
			isa = PBXGroup;
			children = (
				9F1A42402B90B2860000A3F1 /* MahjongScoreApp.app */,
			);
			name = Products;
			sourceTree = "<group>";
		};
		9F1A42422B90B2860000A3F1 /* MahjongScoreApp */ = {
			isa = PBXGroup;
			children = (
				9F1A42432B90B2860000A3F1 /* MahjongScoreAppApp.swift */,
				9F1A42452B90B2860000A3F1 /* ContentView.swift */,
				9F1A42582B90C0020000A3F1 /* Models */,
				9F1A42592B90C0030000A3F1 /* Logic */,
				9F1A42602B90C0000000A3F1 /* Views */,
				9F1A42472B90B2870000A3F1 /* Assets.xcassets */,
				9F1A424C2B90B2870000A3F1 /* Info.plist */,
				9F1A42492B90B2870000A3F1 /* Preview Content */,
			);
			path = MahjongScoreApp;
			sourceTree = "<group>";
		};
		9F1A42492B90B2870000A3F1 /* Preview Content */ = {
			isa = PBXGroup;
			children = (
				9F1A424A2B90B2870000A3F1 /* Preview Assets.xcassets */,
			);
			path = "Preview Content";
			sourceTree = "<group>";
		};
		9F1A42582B90C0020000A3F1 /* Models */ = {
			isa = PBXGroup;
			children = (
				9F1A42512B90C0000000A3F1 /* Player.swift */,
				9F1A42532B90C0000000A3F1 /* GameRecord.swift */,
				9F1A42552B90C0000000A3F1 /* DailySession.swift */,
				9F1A42572B90C0000000A3F1 /* RuleSettings.swift */,
			);
			path = Models;
			sourceTree = "<group>";
		};
		9F1A42592B90C0030000A3F1 /* Logic */ = {
			isa = PBXGroup;
			children = (
				9F1A425B2B90C0050000A3F1 /* ScoreCalculator.swift */,
			);
			path = Logic;
			sourceTree = "<group>";
		};
		9F1A42602B90C0000000A3F1 /* Views */ = {
			isa = PBXGroup;
			children = (
				9F1A42612B90C0000000A3F1 /* DailySessionView.swift */,
				9F1A42632B90C0000000A3F1 /* GameInputView.swift */,
				9F1A42652B90C0000000A3F1 /* PlayersListView.swift */,
				9F1A42672B90C0000000A3F1 /* SettingsView.swift */,
				9F2B43002B90D0000000A3F1 /* SessionStartView.swift */,
				9F2B43022B90D0000000A3F1 /* SessionChipInputView.swift */,
			);
			path = Views;
			sourceTree = "<group>";
		};
/* End PBXGroup section */

/* Begin PBXNativeTarget section */
		9F1A423F2B90B2860000A3F1 /* MahjongScoreApp */ = {
			isa = PBXNativeTarget;
			buildConfigurationList = 9F1A424F2B90B2870000A3F1 /* Build configuration list for PBXNativeTarget "MahjongScoreApp" */;
			buildPhases = (
				9F1A423C2B90B2860000A3F1 /* Sources */,
				9F1A423D2B90B2860000A3F1 /* Frameworks */,
				9F1A423E2B90B2860000A3F1 /* Resources */,
			);
			buildRules = (
			);
			dependencies = (
			);
			name = MahjongScoreApp;
			productName = MahjongScoreApp;
			productReference = 9F1A42402B90B2860000A3F1 /* MahjongScoreApp.app */;
			productType = "com.apple.product-type.application";
		};
/* End PBXNativeTarget section */

/* Begin PBXProject section */
		9F1A42382B90B2860000A3F1 /* Project object */ = {
			isa = PBXProject;
			attributes = {
				BuildIndependentTargetsInParallel = 1;
				LastSwiftUpdateCheck = 1520;
				LastUpgradeCheck = 1520;
				TargetAttributes = {
					9F1A423F2B90B2860000A3F1 = {
						CreatedOnToolsVersion = 15.2;
					};
				};
			};
			buildConfigurationList = 9F1A423B2B90B2860000A3F1 /* Build configuration list for PBXProject "MahjongScoreApp" */;
			compatibilityVersion = "Xcode 14.0";
			developmentRegion = en;
			hasScannedForEncodings = 0;
			knownRegions = (
				en,
				Base,
			);
			mainGroup = 9F1A42372B90B2860000A3F1;
			productRefGroup = 9F1A42412B90B2860000A3F1 /* Products */;
			projectDirPath = "";
			projectRoot = "";
			targets = (
				9F1A423F2B90B2860000A3F1 /* MahjongScoreApp */,
			);
		};
/* End PBXProject section */

/* Begin PBXResourcesBuildPhase section */
		9F1A423E2B90B2860000A3F1 /* Resources */ = {
			isa = PBXResourcesBuildPhase;
			buildActionMask = 2147483647;
			files = (
				9F1A424B2B90B2870000A3F1 /* Preview Assets.xcassets in Resources */,
				9F1A42482B90B2870000A3F1 /* Assets.xcassets in Resources */,
			);
			runOnlyForDeploymentPostprocessing = 0;
		};
/* End PBXResourcesBuildPhase section */

/* Begin PBXSourcesBuildPhase section */
		9F1A423C2B90B2860000A3F1 /* Sources */ = {
			isa = PBXSourcesBuildPhase;
			buildActionMask = 2147483647;
			files = (
				9F1A42462B90B2860000A3F1 /* ContentView.swift in Sources */,
				9F1A42442B90B2860000A3F1 /* MahjongScoreAppApp.swift in Sources */,
				9F1A42502B90C0000000A3F1 /* Models/Player.swift in Sources */,
				9F1A42522B90C0000000A3F1 /* Models/GameRecord.swift in Sources */,
				9F1A42542B90C0000000A3F1 /* Models/DailySession.swift in Sources */,
				9F1A42562B90C0000000A3F1 /* Models/RuleSettings.swift in Sources */,
				9F1A425A2B90C0050000A3F1 /* Logic/ScoreCalculator.swift in Sources */,
				9F1A42622B90C0000000A3F1 /* Views/DailySessionView.swift in Sources */,
				9F1A42642B90C0000000A3F1 /* Views/GameInputView.swift in Sources */,
				9F1A42662B90C0000000A3F1 /* Views/PlayersListView.swift in Sources */,
				9F1A42682B90C0000000A3F1 /* Views/SettingsView.swift in Sources */,
				9F2B43012B90D0000000A3F1 /* Views/SessionStartView.swift in Sources */,
				9F2B43032B90D0000000A3F1 /* Views/SessionChipInputView.swift in Sources */,
			);
			runOnlyForDeploymentPostprocessing = 0;
		};
/* End PBXSourcesBuildPhase section */

/* Begin XCBuildConfiguration section */
		9F1A424D2B90B2870000A3F1 /* Debug */ = {
			isa = XCBuildConfiguration;
			buildSettings = {
				ALWAYS_SEARCH_USER_PATHS = NO;
				ASSETCATALOG_COMPILER_GENERATE_SWIFT_ASSET_SYMBOL_EXTENSIONS = YES;
				CLANG_ANALYZER_NONNULL = YES;
				CLANG_ANALYZER_NUMBER_OBJECT_CONVERSION = YES_AGGRESSIVE;
				CLANG_CXX_LANGUAGE_STANDARD = "gnu++20";
				CLANG_ENABLE_MODULES = YES;
				CLANG_ENABLE_OBJC_ARC = YES;
				CLANG_ENABLE_OBJC_WEAK = YES;
				CLANG_WARN_BLOCK_CAPTURE_AUTORELEASING = YES;
				CLANG_WARN_BOOL_CONVERSION = YES;
				CLANG_WARN_COMMA = YES;
				CLANG_WARN_CONSTANT_CONVERSION = YES;
				CLANG_WARN_DEPRECATED_OBJC_IMPLEMENTATIONS = YES;
				CLANG_WARN_DIRECT_OBJC_ISA_USAGE = YES_ERROR;
				CLANG_WARN_DOCUMENTATION_COMMENTS = YES;
				CLANG_WARN_EMPTY_BODY = YES;
				CLANG_WARN_ENUM_CONVERSION = YES;
				CLANG_WARN_INFINITE_RECURSION = YES;
				CLANG_WARN_INT_CONVERSION = YES;
				CLANG_WARN_NON_LITERAL_NULL_CONVERSION = YES;
				CLANG_WARN_OBJC_IMPLICIT_RETAIN_SELF = YES;
				CLANG_WARN_OBJC_LITERAL_CONVERSION = YES;
				CLANG_WARN_OBJC_ROOT_CLASS = YES_ERROR;
				CLANG_WARN_QUOTED_INCLUDE_IN_FRAMEWORK_HEADER = YES;
				CLANG_WARN_RANGE_LOOP_ANALYSIS = YES;
				CLANG_WARN_STRICT_PROTOTYPES = YES;
				CLANG_WARN_SUSPICIOUS_MOVE = YES;
				CLANG_WARN_UNGUARDED_AVAILABILITY = YES_AGGRESSIVE;
				CLANG_WARN_UNREACHABLE_CODE = YES;
				CLANG_WARN__DUPLICATE_METHOD_MATCH = YES;
				COPY_PHASE_STRIP = NO;
				DEBUG_INFORMATION_FORMAT = dwarf;
				ENABLE_STRICT_OBJC_MSGSEND = YES;
				ENABLE_TESTABILITY = YES;
				ENABLE_USER_SCRIPT_SANDBOXING = YES;
				GCC_C_LANGUAGE_STANDARD = gnu17;
				GCC_DYNAMIC_NO_PIC = NO;
				GCC_NO_COMMON_BLOCKS = YES;
				GCC_OPTIMIZATION_LEVEL = 0;
				GCC_PREPROCESSOR_DEFINITIONS = (
					"DEBUG=1",
					"$(inherited)",
				);
				GCC_WARN_64_TO_32_BIT_CONVERSION = YES;
				GCC_WARN_ABOUT_RETURN_TYPE = YES_ERROR;
				GCC_WARN_UNDECLARED_SELECTOR = YES;
				GCC_WARN_UNINITIALIZED_AUTOS = YES_AGGRESSIVE;
				GCC_WARN_UNUSED_FUNCTION = YES;
				GCC_WARN_UNUSED_VARIABLE = YES;
				IPHONEOS_DEPLOYMENT_TARGET = 17.0;
				LOCALIZATION_PREFERS_STRING_CATALOGS = YES;
				MTL_ENABLE_DEBUG_INFO = INCLUDE_SOURCE;
				MTL_FAST_MATH = YES;
				ONLY_ACTIVE_ARCH = YES;
				SDKROOT = iphoneos;
				SWIFT_ACTIVE_COMPILATION_CONDITIONS = "DEBUG $(inherited)";
				SWIFT_OPTIMIZATION_LEVEL = "-Onone";
			};
			name = Debug;
		};
		9F1A424E2B90B2870000A3F1 /* Release */ = {
			isa = XCBuildConfiguration;
			buildSettings = {
				ALWAYS_SEARCH_USER_PATHS = NO;
				ASSETCATALOG_COMPILER_GENERATE_SWIFT_ASSET_SYMBOL_EXTENSIONS = YES;
				CLANG_ANALYZER_NONNULL = YES;
				CLANG_ANALYZER_NUMBER_OBJECT_CONVERSION = YES_AGGRESSIVE;
				CLANG_CXX_LANGUAGE_STANDARD = "gnu++20";
				CLANG_ENABLE_MODULES = YES;
				CLANG_ENABLE_OBJC_ARC = YES;
				CLANG_ENABLE_OBJC_WEAK = YES;
				CLANG_WARN_BLOCK_CAPTURE_AUTORELEASING = YES;
				CLANG_WARN_BOOL_CONVERSION = YES;
				CLANG_WARN_COMMA = YES;
				CLANG_WARN_CONSTANT_CONVERSION = YES;
				CLANG_WARN_DEPRECATED_OBJC_IMPLEMENTATIONS = YES;
				CLANG_WARN_DIRECT_OBJC_ISA_USAGE = YES_ERROR;
				CLANG_WARN_DOCUMENTATION_COMMENTS = YES;
				CLANG_WARN_EMPTY_BODY = YES;
				CLANG_WARN_ENUM_CONVERSION = YES;
				CLANG_WARN_INFINITE_RECURSION = YES;
				CLANG_WARN_INT_CONVERSION = YES;
				CLANG_WARN_NON_LITERAL_NULL_CONVERSION = YES;
				CLANG_WARN_OBJC_IMPLICIT_RETAIN_SELF = YES;
				CLANG_WARN_OBJC_LITERAL_CONVERSION = YES;
				CLANG_WARN_OBJC_ROOT_CLASS = YES_ERROR;
				CLANG_WARN_QUOTED_INCLUDE_IN_FRAMEWORK_HEADER = YES;
				CLANG_WARN_RANGE_LOOP_ANALYSIS = YES;
				CLANG_WARN_STRICT_PROTOTYPES = YES;
				CLANG_WARN_SUSPICIOUS_MOVE = YES;
				CLANG_WARN_UNGUARDED_AVAILABILITY = YES_AGGRESSIVE;
				CLANG_WARN_UNREACHABLE_CODE = YES;
				CLANG_WARN__DUPLICATE_METHOD_MATCH = YES;
				COPY_PHASE_STRIP = NO;
				DEBUG_INFORMATION_FORMAT = "dwarf-with-dsym";
				ENABLE_NS_ASSERTIONS = NO;
				ENABLE_STRICT_OBJC_MSGSEND = YES;
				ENABLE_USER_SCRIPT_SANDBOXING = YES;
				GCC_C_LANGUAGE_STANDARD = gnu17;
				GCC_NO_COMMON_BLOCKS = YES;
				GCC_WARN_64_TO_32_BIT_CONVERSION = YES;
				GCC_WARN_ABOUT_RETURN_TYPE = YES_ERROR;
				GCC_WARN_UNDECLARED_SELECTOR = YES;
				GCC_WARN_UNINITIALIZED_AUTOS = YES_AGGRESSIVE;
				GCC_WARN_UNUSED_FUNCTION = YES;
				GCC_WARN_UNUSED_VARIABLE = YES;
				IPHONEOS_DEPLOYMENT_TARGET = 17.0;
				LOCALIZATION_PREFERS_STRING_CATALOGS = YES;
				MTL_ENABLE_DEBUG_INFO = NO;
				MTL_FAST_MATH = YES;
				SDKROOT = iphoneos;
				SWIFT_COMPILATION_MODE = wholemodule;
				SWIFT_OPTIMIZATION_LEVEL = "-O";
				VALIDATE_PRODUCT = YES;
			};
			name = Release;
		};
		9F1A42502B90B2870000A3F1 /* Debug */ = {
			isa = XCBuildConfiguration;
			buildSettings = {
				ASSETCATALOG_COMPILER_APPICON_NAME = AppIcon;
				ASSETCATALOG_COMPILER_GLOBAL_ACCENT_COLOR_NAME = AccentColor;
				CODE_SIGN_STYLE = Automatic;
				CURRENT_PROJECT_VERSION = 1;
				DEVELOPMENT_ASSET_PATHS = "\"MahjongScoreApp/Preview Content\"";
				ENABLE_PREVIEWS = YES;
				GENERATE_INFOPLIST_FILE = YES;
				INFOPLIST_FILE = MahjongScoreApp/Info.plist;
				INFOPLIST_KEY_UIApplicationSceneManifest_Generation = YES;
				INFOPLIST_KEY_UIApplicationSupportsIndirectInputEvents = YES;
				INFOPLIST_KEY_UILaunchScreen_Generation = YES;
				INFOPLIST_KEY_UISupportedInterfaceOrientations_iPad = "UIInterfaceOrientationPortrait UIInterfaceOrientationPortraitUpsideDown UIInterfaceOrientationLandscapeLeft UIInterfaceOrientationLandscapeRight";
				INFOPLIST_KEY_UISupportedInterfaceOrientations_iPhone = "UIInterfaceOrientationPortrait UIInterfaceOrientationLandscapeLeft UIInterfaceOrientationLandscapeRight";
				LD_RUNPATH_SEARCH_PATHS = (
					"$(inherited)",
					"@executable_path/Frameworks",
				);
				MARKETING_VERSION = 1.0;
				PRODUCT_BUNDLE_IDENTIFIER = com.majong.scorememo;
				PRODUCT_NAME = "$(TARGET_NAME)";
				SWIFT_EMIT_LOC_STRINGS = YES;
				SWIFT_VERSION = 5.0;
				TARGETED_DEVICE_FAMILY = "1,2";
			};
			name = Debug;
		};
		9F1A42512B90B2870000A3F1 /* Release */ = {
			isa = XCBuildConfiguration;
			buildSettings = {
				ASSETCATALOG_COMPILER_APPICON_NAME = AppIcon;
				ASSETCATALOG_COMPILER_GLOBAL_ACCENT_COLOR_NAME = AccentColor;
				CODE_SIGN_STYLE = Automatic;
				CURRENT_PROJECT_VERSION = 1;
				DEVELOPMENT_ASSET_PATHS = "\"MahjongScoreApp/Preview Content\"";
				ENABLE_PREVIEWS = YES;
				GENERATE_INFOPLIST_FILE = YES;
				INFOPLIST_FILE = MahjongScoreApp/Info.plist;
				INFOPLIST_KEY_UIApplicationSceneManifest_Generation = YES;
				INFOPLIST_KEY_UIApplicationSupportsIndirectInputEvents = YES;
				INFOPLIST_KEY_UILaunchScreen_Generation = YES;
				INFOPLIST_KEY_UISupportedInterfaceOrientations_iPad = "UIInterfaceOrientationPortrait UIInterfaceOrientationPortraitUpsideDown UIInterfaceOrientationLandscapeLeft UIInterfaceOrientationLandscapeRight";
				INFOPLIST_KEY_UISupportedInterfaceOrientations_iPhone = "UIInterfaceOrientationPortrait UIInterfaceOrientationLandscapeLeft UIInterfaceOrientationLandscapeRight";
				LD_RUNPATH_SEARCH_PATHS = (
					"$(inherited)",
					"@executable_path/Frameworks",
				);
				MARKETING_VERSION = 1.0;
				PRODUCT_BUNDLE_IDENTIFIER = com.majong.scorememo;
				PRODUCT_NAME = "$(TARGET_NAME)";
				SWIFT_EMIT_LOC_STRINGS = YES;
				SWIFT_VERSION = 5.0;
				TARGETED_DEVICE_FAMILY = "1,2";
			};
			name = Release;
		};
/* End XCBuildConfiguration section */

/* Begin XCConfigurationList section */
		9F1A423B2B90B2860000A3F1 /* Build configuration list for PBXProject "MahjongScoreApp" */ = {
			isa = XCConfigurationList;
			buildConfigurations = (
				9F1A424D2B90B2870000A3F1 /* Debug */,
				9F1A424E2B90B2870000A3F1 /* Release */,
			);
			defaultConfigurationIsVisible = 0;
			defaultConfigurationName = Release;
		};
		9F1A424F2B90B2870000A3F1 /* Build configuration list for PBXNativeTarget "MahjongScoreApp" */ = {
			isa = XCConfigurationList;
			buildConfigurations = (
				9F1A42502B90B2870000A3F1 /* Debug */,
				9F1A42512B90B2870000A3F1 /* Release */,
			);
			defaultConfigurationIsVisible = 0;
			defaultConfigurationName = Release;
		};
/* End XCConfigurationList section */
	};
	rootObject = 9F1A42382B90B2860000A3F1 /* Project object */;
}
